github.com/davecgh/go-spew v1.1.0 h1:ZDRjVQ15GmhC3fiQ8ni8+OwkZQO4DARzQgrnXU1Liz8=
github.com/davecgh/go-spew v1.1.0/go.mod h1:J7Y8YcW2NihsgmVo/mv3lAwl/skON4iLHjSsI+c5H38=
github.com/jonstacks/goutils v0.0.0-20160910190148-8a3efc19825f h1:vnASnz5KZsiZHLcLz9uv1CevSoQS408Yx1hLdUs12l0=
github.com/jonstacks/goutils v0.0.0-20160910190148-8a3efc19825f/go.mod h1:Bfm1nhUHdXxbWtXuod2Vr3K2rwPQIVNyr6wI3VQjkr8=
github.com/mattn/go-runewidth v0.0.2-0.20161012013512-737072b4e32b h1:zGKCShADxSzhD4RVcNFKuaedhqMYyWD54Fg9aV/BvXM=
github.com/mattn/go-runewidth v0.0.2-0.20161012013512-737072b4e32b/go.mod h1:LwmH8dsx7+W8Uxz3IHJYH5QSwggIsqBzpuz5H//U1FU=
github.com/olekukonko/tablewriter v0.0.0-20160923125401-bdcc175572fd h1:nEatQ6JnwCT9iYD5uqYUiFqq8tJGX25to8KVKXqya7k=
github.com/olekukonko/tablewriter v0.0.0-20160923125401-bdcc175572fd/go.mod h1:vsDQFd/mU46D+Z4whnwzcISnGGzXWMclvtLoiIKAKIo=
github.com/pmezard/go-difflib v1.0.0 h1:4DBwDE0NGyQoBHbLQYPwSUPoCMWR5BEzIk/f1lZbAQM=
github.com/pmezard/go-difflib v1.0.0/go.mod h1:iKH77koFhYxTK1pcRnkKkqfTogsbg7gZNVY4sRDYZ/4=
github.com/stretchr/objx v0.1.0/go.mod h1:HFkY916IF+rwdDfMAkV7OtwuqBVzrE8GR6GFx+wExME=
github.com/stretchr/testify v1.4.0 h1:2E4SXV/wtOkTonXsotYi4li6zVWxYlZuYNCXe9XRJyk=
github.com/stretchr/testify v1.4.0/go.mod h1:j7eGeouHqKxXV5pUuKE4zz7dFj8WfuZ+81PSLYec5m4=
golang.org/x/net v0.0.0-20161029054229-3fe3024eef80 h1:1wihV+7mUy9hnEvft+uOm4TMCFjEfwnH86pY+C6Q398=
golang.org/x/net v0.0.0-20161029054229-3fe3024eef80/go.mod h1:mL1N/T3taQHkDXs73rZJwtUhF3w3ftmwwsq0BUmARs4=
gopkg.in/check.v1 v0.0.0-20161208181325-20d25e280405/go.mod h1:Co6ibVJAznAaIkqp8huTwlJQCZ016jof/cbN4VW5Yz0=
gopkg.in/xmlpath.v2 v2.0.0-20150820204837-860cbeca3ebc h1:LMEBgNcZUqXaP7evD1PZcL6EcDVa2QOFuI+cqM3+AJM=
gopkg.in/xmlpath.v2 v2.0.0-20150820204837-860cbeca3ebc/go.mod h1:N8UOSI6/c2yOpa/XDz3KVUiegocTziPiqNkeNTMiG1k=
gopkg.in/yaml.v2 v2.2.2 h1:ZCJp+EgiOT7lHqUV2J862kp8Qj64Jo6az82+3Td9dZw=
gopkg.in/yaml.v2 v2.2.2/go.mod h1:hI93XBmqTisBFMUTm0b8Fm+jr3Dg1NNxqwp+5A1VGuI=
